// !$*UTF8*$!
{
	archiveVersion = 1;
	classes = {
	};
	objectVersion = 46;
	objects = {

/* Begin PBXBuildFile section */
		BE65C3791DEA7834001B1204 /* AppDelegate.swift in Sources */ = {isa = PBXBuildFile; fileRef = BE65C3781DEA7834001B1204 /* AppDelegate.swift */; };
		BE65C37B1DEA7834001B1204 /* ViewController.swift in Sources */ = {isa = PBXBuildFile; fileRef = BE65C37A1DEA7834001B1204 /* ViewController.swift */; };
		BE65C37E1DEA7834001B1204 /* Main.storyboard in Resources */ = {isa = PBXBuildFile; fileRef = BE65C37C1DEA7834001B1204 /* Main.storyboard */; };
		BE65C3801DEA7834001B1204 /* Assets.xcassets in Resources */ = {isa = PBXBuildFile; fileRef = BE65C37F1DEA7834001B1204 /* Assets.xcassets */; };
		BE65C3831DEA7834001B1204 /* LaunchScreen.storyboard in Resources */ = {isa = PBXBuildFile; fileRef = BE65C3811DEA7834001B1204 /* LaunchScreen.storyboard */; };
/* End PBXBuildFile section */

/* Begin PBXFileReference section */
		BE65C3751DEA7834001B1204 /* Gale.app */ = {isa = PBXFileReference; explicitFileType = wrapper.application; includeInIndex = 0; path = Gale.app; sourceTree = BUILT_PRODUCTS_DIR; };
		BE65C3781DEA7834001B1204 /* AppDelegate.swift */ = {isa = PBXFileReference; lastKnownFileType = sourcecode.swift; path = AppDelegate.swift; sourceTree = "<group>"; };
		BE65C37A1DEA7834001B1204 /* ViewController.swift */ = {isa = PBXFileReference; lastKnownFileType = sourcecode.swift; path = ViewController.swift; sourceTree = "<group>"; };
		BE65C37D1DEA7834001B1204 /* Base */ = {isa = PBXFileReference; lastKnownFileType = file.storyboard; name = Base; path = Base.lproj/Main.storyboard; sourceTree = "<group>"; };
		BE65C37F1DEA7834001B1204 /* Assets.xcassets */ = {isa = PBXFileReference; lastKnownFileType = folder.assetcatalog; path = Assets.xcassets; sourceTree = "<group>"; };
		BE65C3821DEA7834001B1204 /* Base */ = {isa = PBXFileReference; lastKnownFileType = file.storyboard; name = Base; path = Base.lproj/LaunchScreen.storyboard; sourceTree = "<group>"; };
		BE65C3841DEA7834001B1204 /* Info.plist */ = {isa = PBXFileReference; lastKnownFileType = text.plist.xml; path = Info.plist; sourceTree = "<group>"; };
/* End PBXFileReference section */

/* Begin PBXFrameworksBuildPhase section */
		BE65C3721DEA7834001B1204 /* Frameworks */ = {
			isa = PBXFrameworksBuildPhase;
			buildActionMask = 2147483647;
			files = (
			);
			runOnlyForDeploymentPostprocessing = 0;
		};
/* End PBXFrameworksBuildPhase section */

/* Begin PBXGroup section */
		BE65C36C1DEA7834001B1204 = {
			isa = PBXGroup;
			children = (
				BE65C3771DEA7834001B1204 /* Gale */,
				BE65C3761DEA7834001B1204 /* Products */,
			);
			sourceTree = "<group>";
		};
		BE65C3761DEA7834001B1204 /* Products */ = {
			isa = PBXGroup;
			children = (
				BE65C3751DEA7834001B1204 /* Gale.app */,
			);
			name = Products;
			sourceTree = "<group>";
		};
		BE65C3771DEA7834001B1204 /* Gale */ = {
			isa = PBXGroup;
			children = (
				BE65C3781DEA7834001B1204 /* AppDelegate.swift */,
				BE65C37A1DEA7834001B1204 /* ViewController.swift */,
				BE65C37C1DEA7834001B1204 /* Main.storyboard */,
				BE65C37F1DEA7834001B1204 /* Assets.xcassets */,
				BE65C3811DEA7834001B1204 /* LaunchScreen.storyboard */,
				BE65C3841DEA7834001B1204 /* Info.plist */,
			);
			path = Gale;
			sourceTree = "<group>";
		};
/* End PBXGroup section */

/* Begin PBXNativeTarget section */
		BE65C3741DEA7834001B1204 /* Gale */ = {
			isa = PBXNativeTarget;
			buildConfigurationList = BE65C3871DEA7834001B1204 /* Build configuration list for PBXNativeTarget "Gale" */;
			buildPhases = (
				BE65C3711DEA7834001B1204 /* Sources */,
				BE65C3721DEA7834001B1204 /* Frameworks */,
				BE65C3731DEA7834001B1204 /* Resources */,
			);
			buildRules = (
			);
			dependencies = (
			);
			name = Gale;
			productName = Gale;
			productReference = BE65C3751DEA7834001B1204 /* Gale.app */;
			productType = "com.apple.product-type.application";
		};
/* End PBXNativeTarget section */

/* Begin PBXProject section */
		BE65C36D1DEA7834001B1204 /* Project object */ = {
			isa = PBXProject;
			attributes = {
				LastSwiftUpdateCheck = 0810;
				LastUpgradeCheck = 0810;
				ORGANIZATIONNAME = cpsc437;
				TargetAttributes = {
					BE65C3741DEA7834001B1204 = {
						CreatedOnToolsVersion = 8.1;
						ProvisioningStyle = Automatic;
					};
				};
			};
			buildConfigurationList = BE65C3701DEA7834001B1204 /* Build configuration list for PBXProject "Gale" */;
			compatibilityVersion = "Xcode 3.2";
			developmentRegion = English;
			hasScannedForEncodings = 0;
			knownRegions = (
				en,
				Base,
			);
			mainGroup = BE65C36C1DEA7834001B1204;
			productRefGroup = BE65C3761DEA7834001B1204 /* Products */;
			projectDirPath = "";
			projectRoot = "";
			targets = (
				BE65C3741DEA7834001B1204 /* Gale */,
			);
		};
/* End PBXProject section */

/* Begin PBXResourcesBuildPhase section */
		BE65C3731DEA7834001B1204 /* Resources */ = {
			isa = PBXResourcesBuildPhase;
			buildActionMask = 2147483647;
			files = (
				BE65C3831DEA7834001B1204 /* LaunchScreen.storyboard in Resources */,
				BE65C3801DEA7834001B1204 /* Assets.xcassets in Resources */,
				BE65C37E1DEA7834001B1204 /* Main.storyboard in Resources */,
			);
			runOnlyForDeploymentPostprocessing = 0;
		};
/* End PBXResourcesBuildPhase section */

/* Begin PBXSourcesBuildPhase section */
		BE65C3711DEA7834001B1204 /* Sources */ = {
			isa = PBXSourcesBuildPhase;
			buildActionMask = 2147483647;
			files = (
				BE65C37B1DEA7834001B1204 /* ViewController.swift in Sources */,
				BE65C3791DEA7834001B1204 /* AppDelegate.swift in Sources */,
			);
			runOnlyForDeploymentPostprocessing = 0;
		};
/* End PBXSourcesBuildPhase section */

/* Begin PBXVariantGroup section */
		BE65C37C1DEA7834001B1204 /* Main.storyboard */ = {
			isa = PBXVariantGroup;
			children = (
				BE65C37D1DEA7834001B1204 /* Base */,
			);
			name = Main.storyboard;
			sourceTree = "<group>";
		};
		BE65C3811DEA7834001B1204 /* LaunchScreen.storyboard */ = {
			isa = PBXVariantGroup;
			children = (
				BE65C3821DEA7834001B1204 /* Base */,
			);
			name = LaunchScreen.storyboard;
			sourceTree = "<group>";
		};
/* End PBXVariantGroup section */

/* Begin XCBuildConfiguration section */
		BE65C3851DEA7834001B1204 /* Debug */ = {
			isa = XCBuildConfiguration;
			buildSettings = {
				ALWAYS_SEARCH_USER_PATHS = NO;
				CLANG_ANALYZER_NONNULL = YES;
				CLANG_CXX_LANGUAGE_STANDARD = "gnu++0x";
				CLANG_CXX_LIBRARY = "libc++";
				CLANG_ENABLE_MODULES = YES;
				CLANG_ENABLE_OBJC_ARC = YES;
				CLANG_WARN_BOOL_CONVERSION = YES;
				CLANG_WARN_CONSTANT_CONVERSION = YES;
				CLANG_WARN_DIRECT_OBJC_ISA_USAGE = YES_ERROR;
				CLANG_WARN_DOCUMENTATION_COMMENTS = YES;
				CLANG_WARN_EMPTY_BODY = YES;
				CLANG_WARN_ENUM_CONVERSION = YES;
				CLANG_WARN_INFINITE_RECURSION = YES;
				CLANG_WARN_INT_CONVERSION = YES;
				CLANG_WARN_OBJC_ROOT_CLASS = YES_ERROR;
				CLANG_WARN_SUSPICIOUS_MOVES = YES;
				CLANG_WARN_UNREACHABLE_CODE = YES;
				CLANG_WARN__DUPLICATE_METHOD_MATCH = YES;
				"CODE_SIGN_IDENTITY[sdk=iphoneos*]" = "iPhone Developer";
				COPY_PHASE_STRIP = NO;
				DEBUG_INFORMATION_FORMAT = dwarf;
				ENABLE_STRICT_OBJC_MSGSEND = YES;
				ENABLE_TESTABILITY = YES;
				GCC_C_LANGUAGE_STANDARD = gnu99;
				GCC_DYNAMIC_NO_PIC = NO;
				GCC_NO_COMMON_BLOCKS = YES;
				GCC_OPTIMIZATION_LEVEL = 0;
				GCC_PREPROCESSOR_DEFINITIONS = (
					"DEBUG=1",
					"$(inherited)",
				);
				GCC_WARN_64_TO_32_BIT_CONVERSION = YES;
				GCC_WARN_ABOUT_RETURN_TYPE = YES_ERROR;
				GCC_WARN_UNDECLARED_SELECTOR = YES;
				GCC_WARN_UNINITIALIZED_AUTOS = YES_AGGRESSIVE;
				GCC_WARN_UNUSED_FUNCTION = YES;
				GCC_WARN_UNUSED_VARIABLE = YES;
				IPHONEOS_DEPLOYMENT_TARGET = 10.1;
				MTL_ENABLE_DEBUG_INFO = YES;
				ONLY_ACTIVE_ARCH = YES;
				SDKROOT = iphoneos;
				SWIFT_ACTIVE_COMPILATION_CONDITIONS = DEBUG;
				SWIFT_OPTIMIZATION_LEVEL = "-Onone";
			};
			name = Debug;
		};
		BE65C3861DEA7834001B1204 /* Release */ = {
			isa = XCBuildConfiguration;
			buildSettings = {
				ALWAYS_SEARCH_USER_PATHS = NO;
				CLANG_ANALYZER_NONNULL = YES;
				CLANG_CXX_LANGUAGE_STANDARD = "gnu++0x";
				CLANG_CXX_LIBRARY = "libc++";
				CLANG_ENABLE_MODULES = YES;
				CLANG_ENABLE_OBJC_ARC = YES;
				CLANG_WARN_BOOL_CONVERSION = YES;
				CLANG_WARN_CONSTANT_CONVERSION = YES;
				CLANG_WARN_DIRECT_OBJC_ISA_USAGE = YES_ERROR;
				CLANG_WARN_DOCUMENTATION_COMMENTS = YES;
				CLANG_WARN_EMPTY_BODY = YES;
				CLANG_WARN_ENUM_CONVERSION = YES;
				CLANG_WARN_INFINITE_RECURSION = YES;
				CLANG_WARN_INT_CONVERSION = YES;
				CLANG_WARN_OBJC_ROOT_CLASS = YES_ERROR;
				CLANG_WARN_SUSPICIOUS_MOVES = YES;
				CLANG_WARN_UNREACHABLE_CODE = YES;
				CLANG_WARN__DUPLICATE_METHOD_MATCH = YES;
				"CODE_SIGN_IDENTITY[sdk=iphoneos*]" = "iPhone Developer";
				COPY_PHASE_STRIP = NO;
				DEBUG_INFORMATION_FORMAT = "dwarf-with-dsym";
				ENABLE_NS_ASSERTIONS = NO;
				ENABLE_STRICT_OBJC_MSGSEND = YES;
				GCC_C_LANGUAGE_STANDARD = gnu99;
				GCC_NO_COMMON_BLOCKS = YES;
				GCC_WARN_64_TO_32_BIT_CONVERSION = YES;
				GCC_WARN_ABOUT_RETURN_TYPE = YES_ERROR;
				GCC_WARN_UNDECLARED_SELECTOR = YES;
				GCC_WARN_UNINITIALIZED_AUTOS = YES_AGGRESSIVE;
				GCC_WARN_UNUSED_FUNCTION = YES;
				GCC_WARN_UNUSED_VARIABLE = YES;
				IPHONEOS_DEPLOYMENT_TARGET = 10.1;
				MTL_ENABLE_DEBUG_INFO = NO;
				SDKROOT = iphoneos;
				SWIFT_OPTIMIZATION_LEVEL = "-Owholemodule";
				VALIDATE_PRODUCT = YES;
			};
			name = Release;
		};
		BE65C3881DEA7834001B1204 /* Debug */ = {
			isa = XCBuildConfiguration;
			buildSettings = {
				ASSETCATALOG_COMPILER_APPICON_NAME = AppIcon;
				INFOPLIST_FILE = Gale/Info.plist;
				LD_RUNPATH_SEARCH_PATHS = "$(inherited) @executable_path/Frameworks";
				PRODUCT_BUNDLE_IDENTIFIER = cpsc437.Gale;
				PRODUCT_NAME = "$(TARGET_NAME)";
				SWIFT_VERSION = 3.0;
			};
			name = Debug;
		};
		BE65C3891DEA7834001B1204 /* Release */ = {
			isa = XCBuildConfiguration;
			buildSettings = {
				ASSETCATALOG_COMPILER_APPICON_NAME = AppIcon;
				INFOPLIST_FILE = Gale/Info.plist;
				LD_RUNPATH_SEARCH_PATHS = "$(inherited) @executable_path/Frameworks";
				PRODUCT_BUNDLE_IDENTIFIER = cpsc437.Gale;
				PRODUCT_NAME = "$(TARGET_NAME)";
				SWIFT_VERSION = 3.0;
			};
			name = Release;
		};
/* End XCBuildConfiguration section */

/* Begin XCConfigurationList section */
		BE65C3701DEA7834001B1204 /* Build configuration list for PBXProject "Gale" */ = {
			isa = XCConfigurationList;
			buildConfigurations = (
				BE65C3851DEA7834001B1204 /* Debug */,
				BE65C3861DEA7834001B1204 /* Release */,
			);
			defaultConfigurationIsVisible = 0;
			defaultConfigurationName = Release;
		};
		BE65C3871DEA7834001B1204 /* Build configuration list for PBXNativeTarget "Gale" */ = {
			isa = XCConfigurationList;
			buildConfigurations = (
				BE65C3881DEA7834001B1204 /* Debug */,
				BE65C3891DEA7834001B1204 /* Release */,
			);
			defaultConfigurationIsVisible = 0;
		};
/* End XCConfigurationList section */
	};
	rootObject = BE65C36D1DEA7834001B1204 /* Project object */;
}
