// !$*UTF8*$!
{
	archiveVersion = 1;
	classes = {
	};
	objectVersion = 46;
	objects = {

/* Begin PBXBuildFile section */
		BE0405991DE37C7200E433A8 /* AppDelegate.swift in Sources */ = {isa = PBXBuildFile; fileRef = BE0405981DE37C7200E433A8 /* AppDelegate.swift */; };
		BE04059B1DE37C7200E433A8 /* MasterViewController.swift in Sources */ = {isa = PBXBuildFile; fileRef = BE04059A1DE37C7200E433A8 /* MasterViewController.swift */; };
		BE04059D1DE37C7200E433A8 /* DetailViewController.swift in Sources */ = {isa = PBXBuildFile; fileRef = BE04059C1DE37C7200E433A8 /* DetailViewController.swift */; };
		BE0405A01DE37C7200E433A8 /* Main.storyboard in Resources */ = {isa = PBXBuildFile; fileRef = BE04059E1DE37C7200E433A8 /* Main.storyboard */; };
		BE0405A21DE37C7200E433A8 /* Assets.xcassets in Resources */ = {isa = PBXBuildFile; fileRef = BE0405A11DE37C7200E433A8 /* Assets.xcassets */; };
		BE0405A51DE37C7200E433A8 /* LaunchScreen.storyboard in Resources */ = {isa = PBXBuildFile; fileRef = BE0405A31DE37C7200E433A8 /* LaunchScreen.storyboard */; };
		BE0405B01DE37C7200E433A8 /* GaleTests.swift in Sources */ = {isa = PBXBuildFile; fileRef = BE0405AF1DE37C7200E433A8 /* GaleTests.swift */; };
		BE0405BB1DE37C7200E433A8 /* GaleUITests.swift in Sources */ = {isa = PBXBuildFile; fileRef = BE0405BA1DE37C7200E433A8 /* GaleUITests.swift */; };
/* End PBXBuildFile section */

/* Begin PBXContainerItemProxy section */
		BE0405AC1DE37C7200E433A8 /* PBXContainerItemProxy */ = {
			isa = PBXContainerItemProxy;
			containerPortal = BE04058D1DE37C7200E433A8 /* Project object */;
			proxyType = 1;
			remoteGlobalIDString = BE0405941DE37C7200E433A8;
			remoteInfo = Gale;
		};
		BE0405B71DE37C7200E433A8 /* PBXContainerItemProxy */ = {
			isa = PBXContainerItemProxy;
			containerPortal = BE04058D1DE37C7200E433A8 /* Project object */;
			proxyType = 1;
			remoteGlobalIDString = BE0405941DE37C7200E433A8;
			remoteInfo = Gale;
		};
/* End PBXContainerItemProxy section */

/* Begin PBXFileReference section */
		BE0405951DE37C7200E433A8 /* Gale.app */ = {isa = PBXFileReference; explicitFileType = wrapper.application; includeInIndex = 0; path = Gale.app; sourceTree = BUILT_PRODUCTS_DIR; };
		BE0405981DE37C7200E433A8 /* AppDelegate.swift */ = {isa = PBXFileReference; lastKnownFileType = sourcecode.swift; path = AppDelegate.swift; sourceTree = "<group>"; };
		BE04059A1DE37C7200E433A8 /* MasterViewController.swift */ = {isa = PBXFileReference; lastKnownFileType = sourcecode.swift; path = MasterViewController.swift; sourceTree = "<group>"; };
		BE04059C1DE37C7200E433A8 /* DetailViewController.swift */ = {isa = PBXFileReference; lastKnownFileType = sourcecode.swift; path = DetailViewController.swift; sourceTree = "<group>"; };
		BE04059F1DE37C7200E433A8 /* Base */ = {isa = PBXFileReference; lastKnownFileType = file.storyboard; name = Base; path = Base.lproj/Main.storyboard; sourceTree = "<group>"; };
		BE0405A11DE37C7200E433A8 /* Assets.xcassets */ = {isa = PBXFileReference; lastKnownFileType = folder.assetcatalog; path = Assets.xcassets; sourceTree = "<group>"; };
		BE0405A41DE37C7200E433A8 /* Base */ = {isa = PBXFileReference; lastKnownFileType = file.storyboard; name = Base; path = Base.lproj/LaunchScreen.storyboard; sourceTree = "<group>"; };
		BE0405A61DE37C7200E433A8 /* Info.plist */ = {isa = PBXFileReference; lastKnownFileType = text.plist.xml; path = Info.plist; sourceTree = "<group>"; };
		BE0405AB1DE37C7200E433A8 /* GaleTests.xctest */ = {isa = PBXFileReference; explicitFileType = wrapper.cfbundle; includeInIndex = 0; path = GaleTests.xctest; sourceTree = BUILT_PRODUCTS_DIR; };
		BE0405AF1DE37C7200E433A8 /* GaleTests.swift */ = {isa = PBXFileReference; lastKnownFileType = sourcecode.swift; path = GaleTests.swift; sourceTree = "<group>"; };
		BE0405B11DE37C7200E433A8 /* Info.plist */ = {isa = PBXFileReference; lastKnownFileType = text.plist.xml; path = Info.plist; sourceTree = "<group>"; };
		BE0405B61DE37C7200E433A8 /* GaleUITests.xctest */ = {isa = PBXFileReference; explicitFileType = wrapper.cfbundle; includeInIndex = 0; path = GaleUITests.xctest; sourceTree = BUILT_PRODUCTS_DIR; };
		BE0405BA1DE37C7200E433A8 /* GaleUITests.swift */ = {isa = PBXFileReference; lastKnownFileType = sourcecode.swift; path = GaleUITests.swift; sourceTree = "<group>"; };
		BE0405BC1DE37C7200E433A8 /* Info.plist */ = {isa = PBXFileReference; lastKnownFileType = text.plist.xml; path = Info.plist; sourceTree = "<group>"; };
/* End PBXFileReference section */

/* Begin PBXFrameworksBuildPhase section */
		BE0405921DE37C7200E433A8 /* Frameworks */ = {
			isa = PBXFrameworksBuildPhase;
			buildActionMask = 2147483647;
			files = (
			);
			runOnlyForDeploymentPostprocessing = 0;
		};
		BE0405A81DE37C7200E433A8 /* Frameworks */ = {
			isa = PBXFrameworksBuildPhase;
			buildActionMask = 2147483647;
			files = (
			);
			runOnlyForDeploymentPostprocessing = 0;
		};
		BE0405B31DE37C7200E433A8 /* Frameworks */ = {
			isa = PBXFrameworksBuildPhase;
			buildActionMask = 2147483647;
			files = (
			);
			runOnlyForDeploymentPostprocessing = 0;
		};
/* End PBXFrameworksBuildPhase section */

/* Begin PBXGroup section */
		BE04058C1DE37C7200E433A8 = {
			isa = PBXGroup;
			children = (
				BE0405971DE37C7200E433A8 /* Gale */,
				BE0405AE1DE37C7200E433A8 /* GaleTests */,
				BE0405B91DE37C7200E433A8 /* GaleUITests */,
				BE0405961DE37C7200E433A8 /* Products */,
			);
			sourceTree = "<group>";
		};
		BE0405961DE37C7200E433A8 /* Products */ = {
			isa = PBXGroup;
			children = (
				BE0405951DE37C7200E433A8 /* Gale.app */,
				BE0405AB1DE37C7200E433A8 /* GaleTests.xctest */,
				BE0405B61DE37C7200E433A8 /* GaleUITests.xctest */,
			);
			name = Products;
			sourceTree = "<group>";
		};
		BE0405971DE37C7200E433A8 /* Gale */ = {
			isa = PBXGroup;
			children = (
				BE0405981DE37C7200E433A8 /* AppDelegate.swift */,
				BE04059A1DE37C7200E433A8 /* MasterViewController.swift */,
				BE04059C1DE37C7200E433A8 /* DetailViewController.swift */,
				BE04059E1DE37C7200E433A8 /* Main.storyboard */,
				BE0405A11DE37C7200E433A8 /* Assets.xcassets */,
				BE0405A31DE37C7200E433A8 /* LaunchScreen.storyboard */,
				BE0405A61DE37C7200E433A8 /* Info.plist */,
			);
			path = Gale;
			sourceTree = "<group>";
		};
		BE0405AE1DE37C7200E433A8 /* GaleTests */ = {
			isa = PBXGroup;
			children = (
				BE0405AF1DE37C7200E433A8 /* GaleTests.swift */,
				BE0405B11DE37C7200E433A8 /* Info.plist */,
			);
			path = GaleTests;
			sourceTree = "<group>";
		};
		BE0405B91DE37C7200E433A8 /* GaleUITests */ = {
			isa = PBXGroup;
			children = (
				BE0405BA1DE37C7200E433A8 /* GaleUITests.swift */,
				BE0405BC1DE37C7200E433A8 /* Info.plist */,
			);
			path = GaleUITests;
			sourceTree = "<group>";
		};
/* End PBXGroup section */

/* Begin PBXNativeTarget section */
		BE0405941DE37C7200E433A8 /* Gale */ = {
			isa = PBXNativeTarget;
			buildConfigurationList = BE0405BF1DE37C7200E433A8 /* Build configuration list for PBXNativeTarget "Gale" */;
			buildPhases = (
				BE0405911DE37C7200E433A8 /* Sources */,
				BE0405921DE37C7200E433A8 /* Frameworks */,
				BE0405931DE37C7200E433A8 /* Resources */,
			);
			buildRules = (
			);
			dependencies = (
			);
			name = Gale;
			productName = Gale;
			productReference = BE0405951DE37C7200E433A8 /* Gale.app */;
			productType = "com.apple.product-type.application";
		};
		BE0405AA1DE37C7200E433A8 /* GaleTests */ = {
			isa = PBXNativeTarget;
			buildConfigurationList = BE0405C21DE37C7200E433A8 /* Build configuration list for PBXNativeTarget "GaleTests" */;
			buildPhases = (
				BE0405A71DE37C7200E433A8 /* Sources */,
				BE0405A81DE37C7200E433A8 /* Frameworks */,
				BE0405A91DE37C7200E433A8 /* Resources */,
			);
			buildRules = (
			);
			dependencies = (
				BE0405AD1DE37C7200E433A8 /* PBXTargetDependency */,
			);
			name = GaleTests;
			productName = GaleTests;
			productReference = BE0405AB1DE37C7200E433A8 /* GaleTests.xctest */;
			productType = "com.apple.product-type.bundle.unit-test";
		};
		BE0405B51DE37C7200E433A8 /* GaleUITests */ = {
			isa = PBXNativeTarget;
			buildConfigurationList = BE0405C51DE37C7200E433A8 /* Build configuration list for PBXNativeTarget "GaleUITests" */;
			buildPhases = (
				BE0405B21DE37C7200E433A8 /* Sources */,
				BE0405B31DE37C7200E433A8 /* Frameworks */,
				BE0405B41DE37C7200E433A8 /* Resources */,
			);
			buildRules = (
			);
			dependencies = (
				BE0405B81DE37C7200E433A8 /* PBXTargetDependency */,
			);
			name = GaleUITests;
			productName = GaleUITests;
			productReference = BE0405B61DE37C7200E433A8 /* GaleUITests.xctest */;
			productType = "com.apple.product-type.bundle.ui-testing";
		};
/* End PBXNativeTarget section */

/* Begin PBXProject section */
		BE04058D1DE37C7200E433A8 /* Project object */ = {
			isa = PBXProject;
			attributes = {
				LastSwiftUpdateCheck = 0810;
				LastUpgradeCheck = 0810;
				ORGANIZATIONNAME = cpsc437;
				TargetAttributes = {
					BE0405941DE37C7200E433A8 = {
						CreatedOnToolsVersion = 8.1;
						ProvisioningStyle = Automatic;
					};
					BE0405AA1DE37C7200E433A8 = {
						CreatedOnToolsVersion = 8.1;
						ProvisioningStyle = Automatic;
						TestTargetID = BE0405941DE37C7200E433A8;
					};
					BE0405B51DE37C7200E433A8 = {
						CreatedOnToolsVersion = 8.1;
						ProvisioningStyle = Automatic;
						TestTargetID = BE0405941DE37C7200E433A8;
					};
				};
			};
			buildConfigurationList = BE0405901DE37C7200E433A8 /* Build configuration list for PBXProject "Gale" */;
			compatibilityVersion = "Xcode 3.2";
			developmentRegion = English;
			hasScannedForEncodings = 0;
			knownRegions = (
				en,
				Base,
			);
			mainGroup = BE04058C1DE37C7200E433A8;
			productRefGroup = BE0405961DE37C7200E433A8 /* Products */;
			projectDirPath = "";
			projectRoot = "";
			targets = (
				BE0405941DE37C7200E433A8 /* Gale */,
				BE0405AA1DE37C7200E433A8 /* GaleTests */,
				BE0405B51DE37C7200E433A8 /* GaleUITests */,
			);
		};
/* End PBXProject section */

/* Begin PBXResourcesBuildPhase section */
		BE0405931DE37C7200E433A8 /* Resources */ = {
			isa = PBXResourcesBuildPhase;
			buildActionMask = 2147483647;
			files = (
				BE0405A51DE37C7200E433A8 /* LaunchScreen.storyboard in Resources */,
				BE0405A21DE37C7200E433A8 /* Assets.xcassets in Resources */,
				BE0405A01DE37C7200E433A8 /* Main.storyboard in Resources */,
			);
			runOnlyForDeploymentPostprocessing = 0;
		};
		BE0405A91DE37C7200E433A8 /* Resources */ = {
			isa = PBXResourcesBuildPhase;
			buildActionMask = 2147483647;
			files = (
			);
			runOnlyForDeploymentPostprocessing = 0;
		};
		BE0405B41DE37C7200E433A8 /* Resources */ = {
			isa = PBXResourcesBuildPhase;
			buildActionMask = 2147483647;
			files = (
			);
			runOnlyForDeploymentPostprocessing = 0;
		};
/* End PBXResourcesBuildPhase section */

/* Begin PBXSourcesBuildPhase section */
		BE0405911DE37C7200E433A8 /* Sources */ = {
			isa = PBXSourcesBuildPhase;
			buildActionMask = 2147483647;
			files = (
				BE04059D1DE37C7200E433A8 /* DetailViewController.swift in Sources */,
				BE04059B1DE37C7200E433A8 /* MasterViewController.swift in Sources */,
				BE0405991DE37C7200E433A8 /* AppDelegate.swift in Sources */,
			);
			runOnlyForDeploymentPostprocessing = 0;
		};
		BE0405A71DE37C7200E433A8 /* Sources */ = {
			isa = PBXSourcesBuildPhase;
			buildActionMask = 2147483647;
			files = (
				BE0405B01DE37C7200E433A8 /* GaleTests.swift in Sources */,
			);
			runOnlyForDeploymentPostprocessing = 0;
		};
		BE0405B21DE37C7200E433A8 /* Sources */ = {
			isa = PBXSourcesBuildPhase;
			buildActionMask = 2147483647;
			files = (
				BE0405BB1DE37C7200E433A8 /* GaleUITests.swift in Sources */,
			);
			runOnlyForDeploymentPostprocessing = 0;
		};
/* End PBXSourcesBuildPhase section */

/* Begin PBXTargetDependency section */
		BE0405AD1DE37C7200E433A8 /* PBXTargetDependency */ = {
			isa = PBXTargetDependency;
			target = BE0405941DE37C7200E433A8 /* Gale */;
			targetProxy = BE0405AC1DE37C7200E433A8 /* PBXContainerItemProxy */;
		};
		BE0405B81DE37C7200E433A8 /* PBXTargetDependency */ = {
			isa = PBXTargetDependency;
			target = BE0405941DE37C7200E433A8 /* Gale */;
			targetProxy = BE0405B71DE37C7200E433A8 /* PBXContainerItemProxy */;
		};
/* End PBXTargetDependency section */

/* Begin PBXVariantGroup section */
		BE04059E1DE37C7200E433A8 /* Main.storyboard */ = {
			isa = PBXVariantGroup;
			children = (
				BE04059F1DE37C7200E433A8 /* Base */,
			);
			name = Main.storyboard;
			sourceTree = "<group>";
		};
		BE0405A31DE37C7200E433A8 /* LaunchScreen.storyboard */ = {
			isa = PBXVariantGroup;
			children = (
				BE0405A41DE37C7200E433A8 /* Base */,
			);
			name = LaunchScreen.storyboard;
			sourceTree = "<group>";
		};
/* End PBXVariantGroup section */

/* Begin XCBuildConfiguration section */
		BE0405BD1DE37C7200E433A8 /* Debug */ = {
			isa = XCBuildConfiguration;
			buildSettings = {
				ALWAYS_SEARCH_USER_PATHS = NO;
				CLANG_ANALYZER_NONNULL = YES;
				CLANG_CXX_LANGUAGE_STANDARD = "gnu++0x";
				CLANG_CXX_LIBRARY = "libc++";
				CLANG_ENABLE_MODULES = YES;
				CLANG_ENABLE_OBJC_ARC = YES;
				CLANG_WARN_BOOL_CONVERSION = YES;
				CLANG_WARN_CONSTANT_CONVERSION = YES;
				CLANG_WARN_DIRECT_OBJC_ISA_USAGE = YES_ERROR;
				CLANG_WARN_DOCUMENTATION_COMMENTS = YES;
				CLANG_WARN_EMPTY_BODY = YES;
				CLANG_WARN_ENUM_CONVERSION = YES;
				CLANG_WARN_INFINITE_RECURSION = YES;
				CLANG_WARN_INT_CONVERSION = YES;
				CLANG_WARN_OBJC_ROOT_CLASS = YES_ERROR;
				CLANG_WARN_SUSPICIOUS_MOVES = YES;
				CLANG_WARN_UNREACHABLE_CODE = YES;
				CLANG_WARN__DUPLICATE_METHOD_MATCH = YES;
				"CODE_SIGN_IDENTITY[sdk=iphoneos*]" = "iPhone Developer";
				COPY_PHASE_STRIP = NO;
				DEBUG_INFORMATION_FORMAT = dwarf;
				ENABLE_STRICT_OBJC_MSGSEND = YES;
				ENABLE_TESTABILITY = YES;
				GCC_C_LANGUAGE_STANDARD = gnu99;
				GCC_DYNAMIC_NO_PIC = NO;
				GCC_NO_COMMON_BLOCKS = YES;
				GCC_OPTIMIZATION_LEVEL = 0;
				GCC_PREPROCESSOR_DEFINITIONS = (
					"DEBUG=1",
					"$(inherited)",
				);
				GCC_WARN_64_TO_32_BIT_CONVERSION = YES;
				GCC_WARN_ABOUT_RETURN_TYPE = YES_ERROR;
				GCC_WARN_UNDECLARED_SELECTOR = YES;
				GCC_WARN_UNINITIALIZED_AUTOS = YES_AGGRESSIVE;
				GCC_WARN_UNUSED_FUNCTION = YES;
				GCC_WARN_UNUSED_VARIABLE = YES;
				IPHONEOS_DEPLOYMENT_TARGET = 10.1;
				MTL_ENABLE_DEBUG_INFO = YES;
				ONLY_ACTIVE_ARCH = YES;
				SDKROOT = iphoneos;
				SWIFT_ACTIVE_COMPILATION_CONDITIONS = DEBUG;
				SWIFT_OPTIMIZATION_LEVEL = "-Onone";
			};
			name = Debug;
		};
		BE0405BE1DE37C7200E433A8 /* Release */ = {
			isa = XCBuildConfiguration;
			buildSettings = {
				ALWAYS_SEARCH_USER_PATHS = NO;
				CLANG_ANALYZER_NONNULL = YES;
				CLANG_CXX_LANGUAGE_STANDARD = "gnu++0x";
				CLANG_CXX_LIBRARY = "libc++";
				CLANG_ENABLE_MODULES = YES;
				CLANG_ENABLE_OBJC_ARC = YES;
				CLANG_WARN_BOOL_CONVERSION = YES;
				CLANG_WARN_CONSTANT_CONVERSION = YES;
				CLANG_WARN_DIRECT_OBJC_ISA_USAGE = YES_ERROR;
				CLANG_WARN_DOCUMENTATION_COMMENTS = YES;
				CLANG_WARN_EMPTY_BODY = YES;
				CLANG_WARN_ENUM_CONVERSION = YES;
				CLANG_WARN_INFINITE_RECURSION = YES;
				CLANG_WARN_INT_CONVERSION = YES;
				CLANG_WARN_OBJC_ROOT_CLASS = YES_ERROR;
				CLANG_WARN_SUSPICIOUS_MOVES = YES;
				CLANG_WARN_UNREACHABLE_CODE = YES;
				CLANG_WARN__DUPLICATE_METHOD_MATCH = YES;
				"CODE_SIGN_IDENTITY[sdk=iphoneos*]" = "iPhone Developer";
				COPY_PHASE_STRIP = NO;
				DEBUG_INFORMATION_FORMAT = "dwarf-with-dsym";
				ENABLE_NS_ASSERTIONS = NO;
				ENABLE_STRICT_OBJC_MSGSEND = YES;
				GCC_C_LANGUAGE_STANDARD = gnu99;
				GCC_NO_COMMON_BLOCKS = YES;
				GCC_WARN_64_TO_32_BIT_CONVERSION = YES;
				GCC_WARN_ABOUT_RETURN_TYPE = YES_ERROR;
				GCC_WARN_UNDECLARED_SELECTOR = YES;
				GCC_WARN_UNINITIALIZED_AUTOS = YES_AGGRESSIVE;
				GCC_WARN_UNUSED_FUNCTION = YES;
				GCC_WARN_UNUSED_VARIABLE = YES;
				IPHONEOS_DEPLOYMENT_TARGET = 10.1;
				MTL_ENABLE_DEBUG_INFO = NO;
				SDKROOT = iphoneos;
				SWIFT_OPTIMIZATION_LEVEL = "-Owholemodule";
				VALIDATE_PRODUCT = YES;
			};
			name = Release;
		};
		BE0405C01DE37C7200E433A8 /* Debug */ = {
			isa = XCBuildConfiguration;
			buildSettings = {
				ASSETCATALOG_COMPILER_APPICON_NAME = AppIcon;
				INFOPLIST_FILE = Gale/Info.plist;
				LD_RUNPATH_SEARCH_PATHS = "$(inherited) @executable_path/Frameworks";
				PRODUCT_BUNDLE_IDENTIFIER = cpsc437.Gale;
				PRODUCT_NAME = "$(TARGET_NAME)";
				SWIFT_VERSION = 3.0;
			};
			name = Debug;
		};
		BE0405C11DE37C7200E433A8 /* Release */ = {
			isa = XCBuildConfiguration;
			buildSettings = {
				ASSETCATALOG_COMPILER_APPICON_NAME = AppIcon;
				INFOPLIST_FILE = Gale/Info.plist;
				LD_RUNPATH_SEARCH_PATHS = "$(inherited) @executable_path/Frameworks";
				PRODUCT_BUNDLE_IDENTIFIER = cpsc437.Gale;
				PRODUCT_NAME = "$(TARGET_NAME)";
				SWIFT_VERSION = 3.0;
			};
			name = Release;
		};
		BE0405C31DE37C7200E433A8 /* Debug */ = {
			isa = XCBuildConfiguration;
			buildSettings = {
				ALWAYS_EMBED_SWIFT_STANDARD_LIBRARIES = YES;
				BUNDLE_LOADER = "$(TEST_HOST)";
				INFOPLIST_FILE = GaleTests/Info.plist;
				LD_RUNPATH_SEARCH_PATHS = "$(inherited) @executable_path/Frameworks @loader_path/Frameworks";
				PRODUCT_BUNDLE_IDENTIFIER = cpsc437.GaleTests;
				PRODUCT_NAME = "$(TARGET_NAME)";
				SWIFT_VERSION = 3.0;
				TEST_HOST = "$(BUILT_PRODUCTS_DIR)/Gale.app/Gale";
			};
			name = Debug;
		};
		BE0405C41DE37C7200E433A8 /* Release */ = {
			isa = XCBuildConfiguration;
			buildSettings = {
				ALWAYS_EMBED_SWIFT_STANDARD_LIBRARIES = YES;
				BUNDLE_LOADER = "$(TEST_HOST)";
				INFOPLIST_FILE = GaleTests/Info.plist;
				LD_RUNPATH_SEARCH_PATHS = "$(inherited) @executable_path/Frameworks @loader_path/Frameworks";
				PRODUCT_BUNDLE_IDENTIFIER = cpsc437.GaleTests;
				PRODUCT_NAME = "$(TARGET_NAME)";
				SWIFT_VERSION = 3.0;
				TEST_HOST = "$(BUILT_PRODUCTS_DIR)/Gale.app/Gale";
			};
			name = Release;
		};
		BE0405C61DE37C7200E433A8 /* Debug */ = {
			isa = XCBuildConfiguration;
			buildSettings = {
				ALWAYS_EMBED_SWIFT_STANDARD_LIBRARIES = YES;
				INFOPLIST_FILE = GaleUITests/Info.plist;
				LD_RUNPATH_SEARCH_PATHS = "$(inherited) @executable_path/Frameworks @loader_path/Frameworks";
				PRODUCT_BUNDLE_IDENTIFIER = cpsc437.GaleUITests;
				PRODUCT_NAME = "$(TARGET_NAME)";
				SWIFT_VERSION = 3.0;
				TEST_TARGET_NAME = Gale;
			};
			name = Debug;
		};
		BE0405C71DE37C7200E433A8 /* Release */ = {
			isa = XCBuildConfiguration;
			buildSettings = {
				ALWAYS_EMBED_SWIFT_STANDARD_LIBRARIES = YES;
				INFOPLIST_FILE = GaleUITests/Info.plist;
				LD_RUNPATH_SEARCH_PATHS = "$(inherited) @executable_path/Frameworks @loader_path/Frameworks";
				PRODUCT_BUNDLE_IDENTIFIER = cpsc437.GaleUITests;
				PRODUCT_NAME = "$(TARGET_NAME)";
				SWIFT_VERSION = 3.0;
				TEST_TARGET_NAME = Gale;
			};
			name = Release;
		};
/* End XCBuildConfiguration section */

/* Begin XCConfigurationList section */
		BE0405901DE37C7200E433A8 /* Build configuration list for PBXProject "Gale" */ = {
			isa = XCConfigurationList;
			buildConfigurations = (
				BE0405BD1DE37C7200E433A8 /* Debug */,
				BE0405BE1DE37C7200E433A8 /* Release */,
			);
			defaultConfigurationIsVisible = 0;
			defaultConfigurationName = Release;
		};
		BE0405BF1DE37C7200E433A8 /* Build configuration list for PBXNativeTarget "Gale" */ = {
			isa = XCConfigurationList;
			buildConfigurations = (
				BE0405C01DE37C7200E433A8 /* Debug */,
				BE0405C11DE37C7200E433A8 /* Release */,
			);
			defaultConfigurationIsVisible = 0;
		};
		BE0405C21DE37C7200E433A8 /* Build configuration list for PBXNativeTarget "GaleTests" */ = {
			isa = XCConfigurationList;
			buildConfigurations = (
				BE0405C31DE37C7200E433A8 /* Debug */,
				BE0405C41DE37C7200E433A8 /* Release */,
			);
			defaultConfigurationIsVisible = 0;
		};
		BE0405C51DE37C7200E433A8 /* Build configuration list for PBXNativeTarget "GaleUITests" */ = {
			isa = XCConfigurationList;
			buildConfigurations = (
				BE0405C61DE37C7200E433A8 /* Debug */,
				BE0405C71DE37C7200E433A8 /* Release */,
			);
			defaultConfigurationIsVisible = 0;
		};
/* End XCConfigurationList section */
	};
	rootObject = BE04058D1DE37C7200E433A8 /* Project object */;
}
